
Microsoft Visual Studio Solution File, Format Version 12.00
# Visual Studio 15
VisualStudioVersion = 15.0.27130.2036
MinimumVisualStudioVersion = 10.0.40219.1
Project("{FAE04EC0-301F-11D3-BF4B-00C04F79EFBC}") = "PrefixFilesWithDate", "PrefixFilesWithDate\PrefixFilesWithDate.csproj", "{54681A13-27AD-49A3-A6F2-41AA4FFB1D8C}"
EndProject
Global
	GlobalSection(SolutionConfigurationPlatforms) = preSolution
		Debug|Any CPU = Debug|Any CPU
		Release|Any CPU = Release|Any CPU
	EndGlobalSection
	GlobalSection(ProjectConfigurationPlatforms) = postSolution
		{54681A13-27AD-49A3-A6F2-41AA4FFB1D8C}.Debug|Any CPU.ActiveCfg = Debug|Any CPU
		{54681A13-27AD-49A3-A6F2-41AA4FFB1D8C}.Debug|Any CPU.Build.0 = Debug|Any CPU
		{54681A13-27AD-49A3-A6F2-41AA4FFB1D8C}.Release|Any CPU.ActiveCfg = Release|Any CPU
		{54681A13-27AD-49A3-A6F2-41AA4FFB1D8C}.Release|Any CPU.Build.0 = Release|Any CPU
	EndGlobalSection
	GlobalSection(SolutionProperties) = preSolution
		HideSolutionNode = FALSE
	EndGlobalSection
	GlobalSection(ExtensibilityGlobals) = postSolution
		SolutionGuid = {239BAD96-6A7D-41E0-8DDF-B11CA5F16BB9}
	EndGlobalSection
EndGlobal
