{
  "name": "nodetest",
  "version": "1.0.0",
  "lockfileVersion": 1,
  "requires": true,
  "dependencies": {
    "vue": {
      "version": "2.5.12",
      "resolved": "https://registry.npmjs.org/vue/-/vue-2.5.12.tgz",
      "integrity": "sha512-ouxtzKv/Y1GlUJlWf3jwvEi6jUs5lJQnDjaNzrHtNET9dpLENmF+cFUmfbO3avWQSzvjMpy6EqNAgLMDvZdyGA=="
    }
  }
}
